
Microsoft Visual Studio Solution File, Format Version 12.00
# Visual Studio Version 16
VisualStudioVersion = 16.0.31205.134
MinimumVisualStudioVersion = 10.0.40219.1
Project("{FAE04EC0-301F-11D3-BF4B-00C04F79EFBC}") = "float-chart", "float-chart.csproj", "{BDFBEAF8-B312-4547-9361-AA623597AD8C}"
EndProject
Global
	GlobalSection(SolutionConfigurationPlatforms) = preSolution
		Debug|Any CPU = Debug|Any CPU
		Release|Any CPU = Release|Any CPU
	EndGlobalSection
	GlobalSection(ProjectConfigurationPlatforms) = postSolution
		{BDFBEAF8-B312-4547-9361-AA623597AD8C}.Debug|Any CPU.ActiveCfg = Debug|Any CPU
		{BDFBEAF8-B312-4547-9361-AA623597AD8C}.Debug|Any CPU.Build.0 = Debug|Any CPU
		{BDFBEAF8-B312-4547-9361-AA623597AD8C}.Release|Any CPU.ActiveCfg = Release|Any CPU
		{BDFBEAF8-B312-4547-9361-AA623597AD8C}.Release|Any CPU.Build.0 = Release|Any CPU
	EndGlobalSection
	GlobalSection(SolutionProperties) = preSolution
		HideSolutionNode = FALSE
	EndGlobalSection
	GlobalSection(ExtensibilityGlobals) = postSolution
		SolutionGuid = {547FECBC-145B-48FC-AE91-6BA9C04021D5}
	EndGlobalSection
EndGlobal
